
Microsoft Visual Studio Solution File, Format Version 12.00
# Visual Studio 15
VisualStudioVersion = 15.0.26430.6
MinimumVisualStudioVersion = 10.0.40219.1
Project("{2150E333-8FDC-42A3-9474-1A3956D46DE8}") = "FieldGateway", "FieldGateway", "{097E62CF-C663-4F35-88B0-0819AFD0CAB9}"
EndProject
Project("{2150E333-8FDC-42A3-9474-1A3956D46DE8}") = "Nebulus", "Nebulus", "{0D06B959-43ED-4442-B1F5-36B5EAD631BD}"
EndProject
Project("{9A19103F-16F7-4668-BE54-9A1E7A4F7556}") = "Nebulus.Gateway.SensorTag", "FieldGateway\Nebulus\Nebulus.Gateway.SensorTag\Nebulus.Gateway.SensorTag.csproj", "{C8B1E641-9F1C-45C7-B365-49D151B8C3FE}"
EndProject
Project("{FAE04EC0-301F-11D3-BF4B-00C04F79EFBC}") = "SensorTag.Agent", "FieldGateway\Nebulus\SensorTag.Agent\SensorTag.Agent.csproj", "{2D8436C1-24A6-46C7-831C-D2864A20A403}"
EndProject
Global
	GlobalSection(SolutionConfigurationPlatforms) = preSolution
		Debug|Any CPU = Debug|Any CPU
		Release|Any CPU = Release|Any CPU
	EndGlobalSection
	GlobalSection(ProjectConfigurationPlatforms) = postSolution
		{C8B1E641-9F1C-45C7-B365-49D151B8C3FE}.Debug|Any CPU.ActiveCfg = Debug|Any CPU
		{C8B1E641-9F1C-45C7-B365-49D151B8C3FE}.Debug|Any CPU.Build.0 = Debug|Any CPU
		{C8B1E641-9F1C-45C7-B365-49D151B8C3FE}.Release|Any CPU.ActiveCfg = Release|Any CPU
		{C8B1E641-9F1C-45C7-B365-49D151B8C3FE}.Release|Any CPU.Build.0 = Release|Any CPU
		{2D8436C1-24A6-46C7-831C-D2864A20A403}.Debug|Any CPU.ActiveCfg = Debug|Any CPU
		{2D8436C1-24A6-46C7-831C-D2864A20A403}.Debug|Any CPU.Build.0 = Debug|Any CPU
		{2D8436C1-24A6-46C7-831C-D2864A20A403}.Release|Any CPU.ActiveCfg = Release|Any CPU
		{2D8436C1-24A6-46C7-831C-D2864A20A403}.Release|Any CPU.Build.0 = Release|Any CPU
	EndGlobalSection
	GlobalSection(SolutionProperties) = preSolution
		HideSolutionNode = FALSE
	EndGlobalSection
	GlobalSection(NestedProjects) = preSolution
		{0D06B959-43ED-4442-B1F5-36B5EAD631BD} = {097E62CF-C663-4F35-88B0-0819AFD0CAB9}
		{C8B1E641-9F1C-45C7-B365-49D151B8C3FE} = {0D06B959-43ED-4442-B1F5-36B5EAD631BD}
		{2D8436C1-24A6-46C7-831C-D2864A20A403} = {0D06B959-43ED-4442-B1F5-36B5EAD631BD}
	EndGlobalSection
EndGlobal
